
Microsoft Visual Studio Solution File, Format Version 12.00
# Visual Studio Version 17
VisualStudioVersion = 17.5.33530.505
MinimumVisualStudioVersion = 10.0.40219.1
Project("{9A19103F-16F7-4668-BE54-9A1E7A4F7556}") = "Numerics", "Numerics\Numerics.csproj", "{9849E8B5-D2AC-45B6-B278-813F39995E0A}"
EndProject
Project("{9A19103F-16F7-4668-BE54-9A1E7A4F7556}") = "Numerics.SourceGenerator", "Numerics.SourceGenerator\Numerics.SourceGenerator.csproj", "{11DF4FA8-511C-4BA5-9BA7-A3C17C79E1DB}"
EndProject
Project("{FAE04EC0-301F-11D3-BF4B-00C04F79EFBC}") = "Numerics.Vectors", "Numerics.Vectors\Numerics.Vectors.csproj", "{BB5EB2B3-246C-4D72-8056-E0B19604BFAE}"
EndProject
Global
	GlobalSection(SolutionConfigurationPlatforms) = preSolution
		Debug|Any CPU = Debug|Any CPU
		Release|Any CPU = Release|Any CPU
	EndGlobalSection
	GlobalSection(ProjectConfigurationPlatforms) = postSolution
		{9849E8B5-D2AC-45B6-B278-813F39995E0A}.Debug|Any CPU.ActiveCfg = Debug|Any CPU
		{9849E8B5-D2AC-45B6-B278-813F39995E0A}.Debug|Any CPU.Build.0 = Debug|Any CPU
		{9849E8B5-D2AC-45B6-B278-813F39995E0A}.Release|Any CPU.ActiveCfg = Release|Any CPU
		{9849E8B5-D2AC-45B6-B278-813F39995E0A}.Release|Any CPU.Build.0 = Release|Any CPU
		{11DF4FA8-511C-4BA5-9BA7-A3C17C79E1DB}.Debug|Any CPU.ActiveCfg = Debug|Any CPU
		{11DF4FA8-511C-4BA5-9BA7-A3C17C79E1DB}.Debug|Any CPU.Build.0 = Debug|Any CPU
		{11DF4FA8-511C-4BA5-9BA7-A3C17C79E1DB}.Release|Any CPU.ActiveCfg = Release|Any CPU
		{11DF4FA8-511C-4BA5-9BA7-A3C17C79E1DB}.Release|Any CPU.Build.0 = Release|Any CPU
		{BB5EB2B3-246C-4D72-8056-E0B19604BFAE}.Debug|Any CPU.ActiveCfg = Debug|Any CPU
		{BB5EB2B3-246C-4D72-8056-E0B19604BFAE}.Debug|Any CPU.Build.0 = Debug|Any CPU
		{BB5EB2B3-246C-4D72-8056-E0B19604BFAE}.Release|Any CPU.ActiveCfg = Release|Any CPU
		{BB5EB2B3-246C-4D72-8056-E0B19604BFAE}.Release|Any CPU.Build.0 = Release|Any CPU
	EndGlobalSection
	GlobalSection(SolutionProperties) = preSolution
		HideSolutionNode = FALSE
	EndGlobalSection
	GlobalSection(ExtensibilityGlobals) = postSolution
		SolutionGuid = {7AD47742-4450-405A-9A23-C276FA7F2321}
	EndGlobalSection
EndGlobal
